// !$*UTF8*$!
{
	archiveVersion = 1;
	classes = {
	};
	objectVersion = 46;
	objects = {

/* Begin PBXBuildFile section */
		692930131A58D9D30054D381 /* AppDelegate.swift in Sources */ = {isa = PBXBuildFile; fileRef = 692930121A58D9D30054D381 /* AppDelegate.swift */; };
		692930181A58D9D30054D381 /* Main.storyboard in Resources */ = {isa = PBXBuildFile; fileRef = 692930161A58D9D30054D381 /* Main.storyboard */; };
		6929301A1A58D9D30054D381 /* Images.xcassets in Resources */ = {isa = PBXBuildFile; fileRef = 692930191A58D9D30054D381 /* Images.xcassets */; };
		6929301D1A58D9D30054D381 /* LaunchScreen.xib in Resources */ = {isa = PBXBuildFile; fileRef = 6929301B1A58D9D30054D381 /* LaunchScreen.xib */; };
		692930291A58D9D30054D381 /* DragNDropTests.swift in Sources */ = {isa = PBXBuildFile; fileRef = 692930281A58D9D30054D381 /* DragNDropTests.swift */; };
		692930331A58E3C70054D381 /* DragNDropViewController.swift in Sources */ = {isa = PBXBuildFile; fileRef = 692930321A58E3C70054D381 /* DragNDropViewController.swift */; };
/* End PBXBuildFile section */

/* Begin PBXContainerItemProxy section */
		692930231A58D9D30054D381 /* PBXContainerItemProxy */ = {
			isa = PBXContainerItemProxy;
			containerPortal = 692930051A58D9D30054D381 /* Project object */;
			proxyType = 1;
			remoteGlobalIDString = 6929300C1A58D9D30054D381;
			remoteInfo = DragNDrop;
		};
/* End PBXContainerItemProxy section */

/* Begin PBXFileReference section */
		6929300D1A58D9D30054D381 /* DragNDrop.app */ = {isa = PBXFileReference; explicitFileType = wrapper.application; includeInIndex = 0; path = DragNDrop.app; sourceTree = BUILT_PRODUCTS_DIR; };
		692930111A58D9D30054D381 /* Info.plist */ = {isa = PBXFileReference; lastKnownFileType = text.plist.xml; path = Info.plist; sourceTree = "<group>"; };
		692930121A58D9D30054D381 /* AppDelegate.swift */ = {isa = PBXFileReference; lastKnownFileType = sourcecode.swift; path = AppDelegate.swift; sourceTree = "<group>"; };
		692930171A58D9D30054D381 /* Base */ = {isa = PBXFileReference; lastKnownFileType = file.storyboard; name = Base; path = Base.lproj/Main.storyboard; sourceTree = "<group>"; };
		692930191A58D9D30054D381 /* Images.xcassets */ = {isa = PBXFileReference; lastKnownFileType = folder.assetcatalog; path = Images.xcassets; sourceTree = "<group>"; };
		6929301C1A58D9D30054D381 /* Base */ = {isa = PBXFileReference; lastKnownFileType = file.xib; name = Base; path = Base.lproj/LaunchScreen.xib; sourceTree = "<group>"; };
		692930221A58D9D30054D381 /* DragNDropTests.xctest */ = {isa = PBXFileReference; explicitFileType = wrapper.cfbundle; includeInIndex = 0; path = DragNDropTests.xctest; sourceTree = BUILT_PRODUCTS_DIR; };
		692930271A58D9D30054D381 /* Info.plist */ = {isa = PBXFileReference; lastKnownFileType = text.plist.xml; path = Info.plist; sourceTree = "<group>"; };
		692930281A58D9D30054D381 /* DragNDropTests.swift */ = {isa = PBXFileReference; lastKnownFileType = sourcecode.swift; path = DragNDropTests.swift; sourceTree = "<group>"; };
		692930321A58E3C70054D381 /* DragNDropViewController.swift */ = {isa = PBXFileReference; fileEncoding = 4; lastKnownFileType = sourcecode.swift; path = DragNDropViewController.swift; sourceTree = SOURCE_ROOT; };
/* End PBXFileReference section */

/* Begin PBXFrameworksBuildPhase section */
		6929300A1A58D9D30054D381 /* Frameworks */ = {
			isa = PBXFrameworksBuildPhase;
			buildActionMask = 2147483647;
			files = (
			);
			runOnlyForDeploymentPostprocessing = 0;
		};
		6929301F1A58D9D30054D381 /* Frameworks */ = {
			isa = PBXFrameworksBuildPhase;
			buildActionMask = 2147483647;
			files = (
			);
			runOnlyForDeploymentPostprocessing = 0;
		};
/* End PBXFrameworksBuildPhase section */

/* Begin PBXGroup section */
		692930041A58D9D30054D381 = {
			isa = PBXGroup;
			children = (
				6929300F1A58D9D30054D381 /* DragNDrop */,
				692930251A58D9D30054D381 /* DragNDropTests */,
				6929300E1A58D9D30054D381 /* Products */,
			);
			sourceTree = "<group>";
		};
		6929300E1A58D9D30054D381 /* Products */ = {
			isa = PBXGroup;
			children = (
				6929300D1A58D9D30054D381 /* DragNDrop.app */,
				692930221A58D9D30054D381 /* DragNDropTests.xctest */,
			);
			name = Products;
			sourceTree = "<group>";
		};
		6929300F1A58D9D30054D381 /* DragNDrop */ = {
			isa = PBXGroup;
			children = (
				692930121A58D9D30054D381 /* AppDelegate.swift */,
				692930161A58D9D30054D381 /* Main.storyboard */,
				692930321A58E3C70054D381 /* DragNDropViewController.swift */,
				692930191A58D9D30054D381 /* Images.xcassets */,
				6929301B1A58D9D30054D381 /* LaunchScreen.xib */,
				692930101A58D9D30054D381 /* Supporting Files */,
			);
			path = DragNDrop;
			sourceTree = "<group>";
		};
		692930101A58D9D30054D381 /* Supporting Files */ = {
			isa = PBXGroup;
			children = (
				692930111A58D9D30054D381 /* Info.plist */,
			);
			name = "Supporting Files";
			sourceTree = "<group>";
		};
		692930251A58D9D30054D381 /* DragNDropTests */ = {
			isa = PBXGroup;
			children = (
				692930281A58D9D30054D381 /* DragNDropTests.swift */,
				692930261A58D9D30054D381 /* Supporting Files */,
			);
			path = DragNDropTests;
			sourceTree = "<group>";
		};
		692930261A58D9D30054D381 /* Supporting Files */ = {
			isa = PBXGroup;
			children = (
				692930271A58D9D30054D381 /* Info.plist */,
			);
			name = "Supporting Files";
			sourceTree = "<group>";
		};
/* End PBXGroup section */

/* Begin PBXNativeTarget section */
		6929300C1A58D9D30054D381 /* DragNDrop */ = {
			isa = PBXNativeTarget;
			buildConfigurationList = 6929302C1A58D9D30054D381 /* Build configuration list for PBXNativeTarget "DragNDrop" */;
			buildPhases = (
				692930091A58D9D30054D381 /* Sources */,
				6929300A1A58D9D30054D381 /* Frameworks */,
				6929300B1A58D9D30054D381 /* Resources */,
			);
			buildRules = (
			);
			dependencies = (
			);
			name = DragNDrop;
			productName = DragNDrop;
			productReference = 6929300D1A58D9D30054D381 /* DragNDrop.app */;
			productType = "com.apple.product-type.application";
		};
		692930211A58D9D30054D381 /* DragNDropTests */ = {
			isa = PBXNativeTarget;
			buildConfigurationList = 6929302F1A58D9D30054D381 /* Build configuration list for PBXNativeTarget "DragNDropTests" */;
			buildPhases = (
				6929301E1A58D9D30054D381 /* Sources */,
				6929301F1A58D9D30054D381 /* Frameworks */,
				692930201A58D9D30054D381 /* Resources */,
			);
			buildRules = (
			);
			dependencies = (
				692930241A58D9D30054D381 /* PBXTargetDependency */,
			);
			name = DragNDropTests;
			productName = DragNDropTests;
			productReference = 692930221A58D9D30054D381 /* DragNDropTests.xctest */;
			productType = "com.apple.product-type.bundle.unit-test";
		};
/* End PBXNativeTarget section */

/* Begin PBXProject section */
		692930051A58D9D30054D381 /* Project object */ = {
			isa = PBXProject;
			attributes = {
				LastSwiftMigration = 0710;
				LastSwiftUpdateCheck = 0710;
				LastUpgradeCheck = 0610;
				ORGANIZATIONNAME = "Dan Fairbanks";
				TargetAttributes = {
					6929300C1A58D9D30054D381 = {
						CreatedOnToolsVersion = 6.1.1;
					};
					692930211A58D9D30054D381 = {
						CreatedOnToolsVersion = 6.1.1;
						TestTargetID = 6929300C1A58D9D30054D381;
					};
				};
			};
			buildConfigurationList = 692930081A58D9D30054D381 /* Build configuration list for PBXProject "DragNDrop" */;
			compatibilityVersion = "Xcode 3.2";
			developmentRegion = English;
			hasScannedForEncodings = 0;
			knownRegions = (
				en,
				Base,
			);
			mainGroup = 692930041A58D9D30054D381;
			productRefGroup = 6929300E1A58D9D30054D381 /* Products */;
			projectDirPath = "";
			projectRoot = "";
			targets = (
				6929300C1A58D9D30054D381 /* DragNDrop */,
				692930211A58D9D30054D381 /* DragNDropTests */,
			);
		};
/* End PBXProject section */

/* Begin PBXResourcesBuildPhase section */
		6929300B1A58D9D30054D381 /* Resources */ = {
			isa = PBXResourcesBuildPhase;
			buildActionMask = 2147483647;
			files = (
				692930181A58D9D30054D381 /* Main.storyboard in Resources */,
				6929301D1A58D9D30054D381 /* LaunchScreen.xib in Resources */,
				6929301A1A58D9D30054D381 /* Images.xcassets in Resources */,
			);
			runOnlyForDeploymentPostprocessing = 0;
		};
		692930201A58D9D30054D381 /* Resources */ = {
			isa = PBXResourcesBuildPhase;
			buildActionMask = 2147483647;
			files = (
			);
			runOnlyForDeploymentPostprocessing = 0;
		};
/* End PBXResourcesBuildPhase section */

/* Begin PBXSourcesBuildPhase section */
		692930091A58D9D30054D381 /* Sources */ = {
			isa = PBXSourcesBuildPhase;
			buildActionMask = 2147483647;
			files = (
				692930331A58E3C70054D381 /* DragNDropViewController.swift in Sources */,
				692930131A58D9D30054D381 /* AppDelegate.swift in Sources */,
			);
			runOnlyForDeploymentPostprocessing = 0;
		};
		6929301E1A58D9D30054D381 /* Sources */ = {
			isa = PBXSourcesBuildPhase;
			buildActionMask = 2147483647;
			files = (
				692930291A58D9D30054D381 /* DragNDropTests.swift in Sources */,
			);
			runOnlyForDeploymentPostprocessing = 0;
		};
/* End PBXSourcesBuildPhase section */

/* Begin PBXTargetDependency section */
		692930241A58D9D30054D381 /* PBXTargetDependency */ = {
			isa = PBXTargetDependency;
			target = 6929300C1A58D9D30054D381 /* DragNDrop */;
			targetProxy = 692930231A58D9D30054D381 /* PBXContainerItemProxy */;
		};
/* End PBXTargetDependency section */

/* Begin PBXVariantGroup section */
		692930161A58D9D30054D381 /* Main.storyboard */ = {
			isa = PBXVariantGroup;
			children = (
				692930171A58D9D30054D381 /* Base */,
			);
			name = Main.storyboard;
			sourceTree = "<group>";
		};
		6929301B1A58D9D30054D381 /* LaunchScreen.xib */ = {
			isa = PBXVariantGroup;
			children = (
				6929301C1A58D9D30054D381 /* Base */,
			);
			name = LaunchScreen.xib;
			sourceTree = "<group>";
		};
/* End PBXVariantGroup section */

/* Begin XCBuildConfiguration section */
		6929302A1A58D9D30054D381 /* Debug */ = {
			isa = XCBuildConfiguration;
			buildSettings = {
				ALWAYS_SEARCH_USER_PATHS = NO;
				CLANG_CXX_LANGUAGE_STANDARD = "gnu++0x";
				CLANG_CXX_LIBRARY = "libc++";
				CLANG_ENABLE_MODULES = YES;
				CLANG_ENABLE_OBJC_ARC = YES;
				CLANG_WARN_BOOL_CONVERSION = YES;
				CLANG_WARN_CONSTANT_CONVERSION = YES;
				CLANG_WARN_DIRECT_OBJC_ISA_USAGE = YES_ERROR;
				CLANG_WARN_EMPTY_BODY = YES;
				CLANG_WARN_ENUM_CONVERSION = YES;
				CLANG_WARN_INT_CONVERSION = YES;
				CLANG_WARN_OBJC_ROOT_CLASS = YES_ERROR;
				CLANG_WARN_UNREACHABLE_CODE = YES;
				CLANG_WARN__DUPLICATE_METHOD_MATCH = YES;
				"CODE_SIGN_IDENTITY[sdk=iphoneos*]" = "iPhone Developer";
				COPY_PHASE_STRIP = NO;
				ENABLE_STRICT_OBJC_MSGSEND = YES;
				GCC_C_LANGUAGE_STANDARD = gnu99;
				GCC_DYNAMIC_NO_PIC = NO;
				GCC_OPTIMIZATION_LEVEL = 0;
				GCC_PREPROCESSOR_DEFINITIONS = (
					"DEBUG=1",
					"$(inherited)",
				);
				GCC_SYMBOLS_PRIVATE_EXTERN = NO;
				GCC_WARN_64_TO_32_BIT_CONVERSION = YES;
				GCC_WARN_ABOUT_RETURN_TYPE = YES_ERROR;
				GCC_WARN_UNDECLARED_SELECTOR = YES;
				GCC_WARN_UNINITIALIZED_AUTOS = YES_AGGRESSIVE;
				GCC_WARN_UNUSED_FUNCTION = YES;
				GCC_WARN_UNUSED_VARIABLE = YES;
				IPHONEOS_DEPLOYMENT_TARGET = 8.1;
				MTL_ENABLE_DEBUG_INFO = YES;
				ONLY_ACTIVE_ARCH = YES;
				SDKROOT = iphoneos;
				SWIFT_OPTIMIZATION_LEVEL = "-Onone";
				TARGETED_DEVICE_FAMILY = "1,2";
			};
			name = Debug;
		};
		6929302B1A58D9D30054D381 /* Release */ = {
			isa = XCBuildConfiguration;
			buildSettings = {
				ALWAYS_SEARCH_USER_PATHS = NO;
				CLANG_CXX_LANGUAGE_STANDARD = "gnu++0x";
				CLANG_CXX_LIBRARY = "libc++";
				CLANG_ENABLE_MODULES = YES;
				CLANG_ENABLE_OBJC_ARC = YES;
				CLANG_WARN_BOOL_CONVERSION = YES;
				CLANG_WARN_CONSTANT_CONVERSION = YES;
				CLANG_WARN_DIRECT_OBJC_ISA_USAGE = YES_ERROR;
				CLANG_WARN_EMPTY_BODY = YES;
				CLANG_WARN_ENUM_CONVERSION = YES;
				CLANG_WARN_INT_CONVERSION = YES;
				CLANG_WARN_OBJC_ROOT_CLASS = YES_ERROR;
				CLANG_WARN_UNREACHABLE_CODE = YES;
				CLANG_WARN__DUPLICATE_METHOD_MATCH = YES;
				"CODE_SIGN_IDENTITY[sdk=iphoneos*]" = "iPhone Developer";
				COPY_PHASE_STRIP = YES;
				ENABLE_NS_ASSERTIONS = NO;
				ENABLE_STRICT_OBJC_MSGSEND = YES;
				GCC_C_LANGUAGE_STANDARD = gnu99;
				GCC_WARN_64_TO_32_BIT_CONVERSION = YES;
				GCC_WARN_ABOUT_RETURN_TYPE = YES_ERROR;
				GCC_WARN_UNDECLARED_SELECTOR = YES;
				GCC_WARN_UNINITIALIZED_AUTOS = YES_AGGRESSIVE;
				GCC_WARN_UNUSED_FUNCTION = YES;
				GCC_WARN_UNUSED_VARIABLE = YES;
				IPHONEOS_DEPLOYMENT_TARGET = 8.1;
				MTL_ENABLE_DEBUG_INFO = NO;
				SDKROOT = iphoneos;
				TARGETED_DEVICE_FAMILY = "1,2";
				VALIDATE_PRODUCT = YES;
			};
			name = Release;
		};
		6929302D1A58D9D30054D381 /* Debug */ = {
			isa = XCBuildConfiguration;
			buildSettings = {
				ASSETCATALOG_COMPILER_APPICON_NAME = AppIcon;
				INFOPLIST_FILE = DragNDrop/Info.plist;
				LD_RUNPATH_SEARCH_PATHS = "$(inherited) @executable_path/Frameworks";
				PRODUCT_NAME = "$(TARGET_NAME)";
			};
			name = Debug;
		};
		6929302E1A58D9D30054D381 /* Release */ = {
			isa = XCBuildConfiguration;
			buildSettings = {
				ASSETCATALOG_COMPILER_APPICON_NAME = AppIcon;
				INFOPLIST_FILE = DragNDrop/Info.plist;
				LD_RUNPATH_SEARCH_PATHS = "$(inherited) @executable_path/Frameworks";
				PRODUCT_NAME = "$(TARGET_NAME)";
			};
			name = Release;
		};
		692930301A58D9D30054D381 /* Debug */ = {
			isa = XCBuildConfiguration;
			buildSettings = {
				BUNDLE_LOADER = "$(TEST_HOST)";
				FRAMEWORK_SEARCH_PATHS = (
					"$(SDKROOT)/Developer/Library/Frameworks",
					"$(inherited)",
				);
				GCC_PREPROCESSOR_DEFINITIONS = (
					"DEBUG=1",
					"$(inherited)",
				);
				INFOPLIST_FILE = DragNDropTests/Info.plist;
				LD_RUNPATH_SEARCH_PATHS = "$(inherited) @executable_path/Frameworks @loader_path/Frameworks";
				PRODUCT_NAME = "$(TARGET_NAME)";
				TEST_HOST = "$(BUILT_PRODUCTS_DIR)/DragNDrop.app/DragNDrop";
			};
			name = Debug;
		};
		692930311A58D9D30054D381 /* Release */ = {
			isa = XCBuildConfiguration;
			buildSettings = {
				BUNDLE_LOADER = "$(TEST_HOST)";
				FRAMEWORK_SEARCH_PATHS = (
					"$(SDKROOT)/Developer/Library/Frameworks",
					"$(inherited)",
				);
				INFOPLIST_FILE = DragNDropTests/Info.plist;
				LD_RUNPATH_SEARCH_PATHS = "$(inherited) @executable_path/Frameworks @loader_path/Frameworks";
				PRODUCT_NAME = "$(TARGET_NAME)";
				TEST_HOST = "$(BUILT_PRODUCTS_DIR)/DragNDrop.app/DragNDrop";
			};
			name = Release;
		};
/* End XCBuildConfiguration section */

/* Begin XCConfigurationList section */
		692930081A58D9D30054D381 /* Build configuration list for PBXProject "DragNDrop" */ = {
			isa = XCConfigurationList;
			buildConfigurations = (
				6929302A1A58D9D30054D381 /* Debug */,
				6929302B1A58D9D30054D381 /* Release */,
			);
			defaultConfigurationIsVisible = 0;
			defaultConfigurationName = Release;
		};
		6929302C1A58D9D30054D381 /* Build configuration list for PBXNativeTarget "DragNDrop" */ = {
			isa = XCConfigurationList;
			buildConfigurations = (
				6929302D1A58D9D30054D381 /* Debug */,
				6929302E1A58D9D30054D381 /* Release */,
			);
			defaultConfigurationIsVisible = 0;
			defaultConfigurationName = Release;
		};
		6929302F1A58D9D30054D381 /* Build configuration list for PBXNativeTarget "DragNDropTests" */ = {
			isa = XCConfigurationList;
			buildConfigurations = (
				692930301A58D9D30054D381 /* Debug */,
				692930311A58D9D30054D381 /* Release */,
			);
			defaultConfigurationIsVisible = 0;
			defaultConfigurationName = Release;
		};
/* End XCConfigurationList section */
	};
	rootObject = 692930051A58D9D30054D381 /* Project object */;
}
